
Microsoft Visual Studio Solution File, Format Version 12.00
Project("{2150E333-8FDC-42A3-9474-1A3956D46DE8}") = "DirectExchange", "DirectExchange", "{9AD0A0C9-8041-40C4-815F-0F9C85861329}"
EndProject
Project("{2150E333-8FDC-42A3-9474-1A3956D46DE8}") = "FanoutExchange", "FanoutExchange", "{8DF2DE0C-8736-4D51-A68A-EFDE18CDC5C7}"
EndProject
Project("{2150E333-8FDC-42A3-9474-1A3956D46DE8}") = "TopicExchange", "TopicExchange", "{3A440607-7705-4AC8-A422-C91414E6D00E}"
EndProject
Project("{2150E333-8FDC-42A3-9474-1A3956D46DE8}") = "HeaderExchange", "HeaderExchange", "{7DB4E136-6DEF-429E-8B3E-64BDC49EBC19}"
EndProject
Project("{FAE04EC0-301F-11D3-BF4B-00C04F79EFBC}") = "Producer", "DirectExchange\Producer\Producer.csproj", "{792144CA-DB85-4E58-A1E3-9E4044D3E713}"
EndProject
Project("{FAE04EC0-301F-11D3-BF4B-00C04F79EFBC}") = "Producer", "FanoutExchange\Producer\Producer.csproj", "{423B16F1-6EAC-4C53-B9B0-553D3C7EEE3F}"
EndProject
Project("{FAE04EC0-301F-11D3-BF4B-00C04F79EFBC}") = "Consumer", "DirectExchange\Consumer\Consumer.csproj", "{805C1FEB-B1E7-4A92-B78D-657670F48D67}"
EndProject
Project("{FAE04EC0-301F-11D3-BF4B-00C04F79EFBC}") = "Producer", "HeaderExchange\Producer\Producer.csproj", "{DAF1B3B3-7908-4021-9712-4518F1E80CA0}"
EndProject
Project("{FAE04EC0-301F-11D3-BF4B-00C04F79EFBC}") = "Consumer", "FanoutExchange\Consumer\Consumer.csproj", "{A7E15FA2-D7EA-4FCE-B9C2-D9936525C84F}"
EndProject
Project("{FAE04EC0-301F-11D3-BF4B-00C04F79EFBC}") = "Consumer", "HeaderExchange\Consumer\Consumer.csproj", "{218B8EFE-0D6E-407B-BC76-0D789E74572A}"
EndProject
Project("{FAE04EC0-301F-11D3-BF4B-00C04F79EFBC}") = "Consumer", "TopicExchange\Consumer\Consumer.csproj", "{727BAE70-6857-4917-81FE-AD11096FD042}"
EndProject
Project("{FAE04EC0-301F-11D3-BF4B-00C04F79EFBC}") = "Producer", "TopicExchange\Producer\Producer.csproj", "{6B7536B0-6268-483B-B762-4E0897BCF866}"
EndProject
Global
	GlobalSection(SolutionConfigurationPlatforms) = preSolution
		Debug|Any CPU = Debug|Any CPU
		Release|Any CPU = Release|Any CPU
	EndGlobalSection
	GlobalSection(ProjectConfigurationPlatforms) = postSolution
		{792144CA-DB85-4E58-A1E3-9E4044D3E713}.Debug|Any CPU.ActiveCfg = Debug|Any CPU
		{792144CA-DB85-4E58-A1E3-9E4044D3E713}.Debug|Any CPU.Build.0 = Debug|Any CPU
		{792144CA-DB85-4E58-A1E3-9E4044D3E713}.Release|Any CPU.ActiveCfg = Release|Any CPU
		{792144CA-DB85-4E58-A1E3-9E4044D3E713}.Release|Any CPU.Build.0 = Release|Any CPU
		{423B16F1-6EAC-4C53-B9B0-553D3C7EEE3F}.Debug|Any CPU.ActiveCfg = Debug|Any CPU
		{423B16F1-6EAC-4C53-B9B0-553D3C7EEE3F}.Debug|Any CPU.Build.0 = Debug|Any CPU
		{423B16F1-6EAC-4C53-B9B0-553D3C7EEE3F}.Release|Any CPU.ActiveCfg = Release|Any CPU
		{423B16F1-6EAC-4C53-B9B0-553D3C7EEE3F}.Release|Any CPU.Build.0 = Release|Any CPU
		{805C1FEB-B1E7-4A92-B78D-657670F48D67}.Debug|Any CPU.ActiveCfg = Debug|Any CPU
		{805C1FEB-B1E7-4A92-B78D-657670F48D67}.Debug|Any CPU.Build.0 = Debug|Any CPU
		{805C1FEB-B1E7-4A92-B78D-657670F48D67}.Release|Any CPU.ActiveCfg = Release|Any CPU
		{805C1FEB-B1E7-4A92-B78D-657670F48D67}.Release|Any CPU.Build.0 = Release|Any CPU
		{DAF1B3B3-7908-4021-9712-4518F1E80CA0}.Debug|Any CPU.ActiveCfg = Debug|Any CPU
		{DAF1B3B3-7908-4021-9712-4518F1E80CA0}.Debug|Any CPU.Build.0 = Debug|Any CPU
		{DAF1B3B3-7908-4021-9712-4518F1E80CA0}.Release|Any CPU.ActiveCfg = Release|Any CPU
		{DAF1B3B3-7908-4021-9712-4518F1E80CA0}.Release|Any CPU.Build.0 = Release|Any CPU
		{A7E15FA2-D7EA-4FCE-B9C2-D9936525C84F}.Debug|Any CPU.ActiveCfg = Debug|Any CPU
		{A7E15FA2-D7EA-4FCE-B9C2-D9936525C84F}.Debug|Any CPU.Build.0 = Debug|Any CPU
		{A7E15FA2-D7EA-4FCE-B9C2-D9936525C84F}.Release|Any CPU.ActiveCfg = Release|Any CPU
		{A7E15FA2-D7EA-4FCE-B9C2-D9936525C84F}.Release|Any CPU.Build.0 = Release|Any CPU
		{218B8EFE-0D6E-407B-BC76-0D789E74572A}.Debug|Any CPU.ActiveCfg = Debug|Any CPU
		{218B8EFE-0D6E-407B-BC76-0D789E74572A}.Debug|Any CPU.Build.0 = Debug|Any CPU
		{218B8EFE-0D6E-407B-BC76-0D789E74572A}.Release|Any CPU.ActiveCfg = Release|Any CPU
		{218B8EFE-0D6E-407B-BC76-0D789E74572A}.Release|Any CPU.Build.0 = Release|Any CPU
		{727BAE70-6857-4917-81FE-AD11096FD042}.Debug|Any CPU.ActiveCfg = Debug|Any CPU
		{727BAE70-6857-4917-81FE-AD11096FD042}.Debug|Any CPU.Build.0 = Debug|Any CPU
		{727BAE70-6857-4917-81FE-AD11096FD042}.Release|Any CPU.ActiveCfg = Release|Any CPU
		{727BAE70-6857-4917-81FE-AD11096FD042}.Release|Any CPU.Build.0 = Release|Any CPU
		{6B7536B0-6268-483B-B762-4E0897BCF866}.Debug|Any CPU.ActiveCfg = Debug|Any CPU
		{6B7536B0-6268-483B-B762-4E0897BCF866}.Debug|Any CPU.Build.0 = Debug|Any CPU
		{6B7536B0-6268-483B-B762-4E0897BCF866}.Release|Any CPU.ActiveCfg = Release|Any CPU
		{6B7536B0-6268-483B-B762-4E0897BCF866}.Release|Any CPU.Build.0 = Release|Any CPU
	EndGlobalSection
	GlobalSection(NestedProjects) = preSolution
		{792144CA-DB85-4E58-A1E3-9E4044D3E713} = {9AD0A0C9-8041-40C4-815F-0F9C85861329}
		{423B16F1-6EAC-4C53-B9B0-553D3C7EEE3F} = {8DF2DE0C-8736-4D51-A68A-EFDE18CDC5C7}
		{805C1FEB-B1E7-4A92-B78D-657670F48D67} = {9AD0A0C9-8041-40C4-815F-0F9C85861329}
		{DAF1B3B3-7908-4021-9712-4518F1E80CA0} = {7DB4E136-6DEF-429E-8B3E-64BDC49EBC19}
		{A7E15FA2-D7EA-4FCE-B9C2-D9936525C84F} = {8DF2DE0C-8736-4D51-A68A-EFDE18CDC5C7}
		{218B8EFE-0D6E-407B-BC76-0D789E74572A} = {7DB4E136-6DEF-429E-8B3E-64BDC49EBC19}
		{727BAE70-6857-4917-81FE-AD11096FD042} = {3A440607-7705-4AC8-A422-C91414E6D00E}
		{6B7536B0-6268-483B-B762-4E0897BCF866} = {3A440607-7705-4AC8-A422-C91414E6D00E}
	EndGlobalSection
EndGlobal
